// !$*UTF8*$!
{
	archiveVersion = 1;
	classes = {
	};
	objectVersion = 46;
	objects = {
/* Begin PBXBuildFile section */
		0207DA581B56EA530066E2B4 /* Images.xcassets in Resources */ = {isa = PBXBuildFile; fileRef = 0207DA571B56EA530066E2B4 /* Images.xcassets */; };
		1D3623260D0F684500981E51 /* AppDelegate.m in Sources */ = {isa = PBXBuildFile; fileRef = 1D3623250D0F684500981E51 /* AppDelegate.m */; };
		1D60589B0D05DD56006BFB54 /* main.m in Sources */ = {isa = PBXBuildFile; fileRef = 29B97316FDCFA39411CA2CEA /* main.m */; };
		301BF552109A68D80062928A /* libCordova.a in Frameworks */ = {isa = PBXBuildFile; fileRef = 301BF535109A57CC0062928A /* libCordova.a */; };
		302D95F114D2391D003F00A1 /* MainViewController.m in Sources */ = {isa = PBXBuildFile; fileRef = 302D95EF14D2391D003F00A1 /* MainViewController.m */; };
		302D95F214D2391D003F00A1 /* MainViewController.xib in Resources */ = {isa = PBXBuildFile; fileRef = 302D95F014D2391D003F00A1 /* MainViewController.xib */; };
		3047A5121AB8059700498E2A /* build-debug.xcconfig in Resources */ = {isa = PBXBuildFile; fileRef = 3047A50F1AB8059700498E2A /* build-debug.xcconfig */; };
		3047A5131AB8059700498E2A /* build-release.xcconfig in Resources */ = {isa = PBXBuildFile; fileRef = 3047A5101AB8059700498E2A /* build-release.xcconfig */; };
		3047A5141AB8059700498E2A /* build.xcconfig in Resources */ = {isa = PBXBuildFile; fileRef = 3047A5111AB8059700498E2A /* build.xcconfig */; };
		6AFF5BF91D6E424B00AB3073 /* CDVLaunchScreen.storyboard in Resources */ = {isa = PBXBuildFile; fileRef = 6AFF5BF81D6E424B00AB3073 /* CDVLaunchScreen.storyboard */; };
		19A974DF47724AD7A7BFFAD3 /* NativePageTransitions.m in Sources */ = {isa = PBXBuildFile; fileRef = 661B26D1D1D64DAB96B9577B /* NativePageTransitions.m */; };
		1D52BABE15904D1BB1E822CE /* AppDelegate+nativepagetransitions.m in Sources */ = {isa = PBXBuildFile; fileRef = 3391E6EE62D14F5DB1CDFEC8 /* AppDelegate+nativepagetransitions.m */; };
		45AC62609D6E4B7FAAC0A1E2 /* AppVersion.m in Sources */ = {isa = PBXBuildFile; fileRef = 3BCFE7F7104C4774826CC7BC /* AppVersion.m */; };
		EE49638EF8744F37835F2207 /* BLECentralPlugin.m in Sources */ = {isa = PBXBuildFile; fileRef = 233ABF6F60DE4AF2AFBE0FAB /* BLECentralPlugin.m */; };
		527BB8AC06B74E6DB4AFA7E9 /* CBPeripheral+Extensions.m in Sources */ = {isa = PBXBuildFile; fileRef = FE1C9EAD474349C6AB4BE66F /* CBPeripheral+Extensions.m */; };
		19FBE59D85C54EB599836FE8 /* BLECommandContext.m in Sources */ = {isa = PBXBuildFile; fileRef = 6FEC28305DFC485EB2857DF5 /* BLECommandContext.m */; };
		B38C341A90044520902E83BD /* CoreBluetooth.framework in Frameworks */ = {isa = PBXBuildFile; fileRef = CD299DB8324C4D1684806A01 /* CoreBluetooth.framework */; };
		1FD1AB71E758473FA1C3A6A5 /* Calendar.m in Sources */ = {isa = PBXBuildFile; fileRef = BC069479CFFB4BC58E03F8B8 /* Calendar.m */; };
		BA58C751440F4B9F9001B53E /* EventKit.framework in Frameworks */ = {isa = PBXBuildFile; fileRef = 6BD2CE3E694D4151BAD2C17C /* EventKit.framework */; };
		BE34D26F80E24B05B26E647F /* EventKitUI.framework in Frameworks */ = {isa = PBXBuildFile; fileRef = 65E720CFA4D342C9B7162077 /* EventKitUI.framework */; };
		0A7449E7AD4145C2BBA88DF8 /* CDVCertificate.m in Sources */ = {isa = PBXBuildFile; fileRef = F71AC6330DF64495B4ADDC3B /* CDVCertificate.m */; };
		93D21549C99444EABF8D5882 /* NSURLRequest+AllowUntrustedCertificates.m in Sources */ = {isa = PBXBuildFile; fileRef = BEF3D3AE780D46DEB167014D /* NSURLRequest+AllowUntrustedCertificates.m */; };
		427175F52350491895794284 /* APPEmailComposer.m in Sources */ = {isa = PBXBuildFile; fileRef = 0F5C75B8A49540D8BA7D24C6 /* APPEmailComposer.m */; };
		A41223EA0D13410AB4A94DA1 /* APPEmailComposerImpl.m in Sources */ = {isa = PBXBuildFile; fileRef = E947F92B89CD4A06B906E6EA /* APPEmailComposerImpl.m */; };
		957C1FED40184FA9BADE714C /* MessageUI.framework in Frameworks */ = {isa = PBXBuildFile; fileRef = 99D149EE55274824AF7161F3 /* MessageUI.framework */; };
		9E45DE03A303403E80410138 /* CDVInAppBrowser.m in Sources */ = {isa = PBXBuildFile; fileRef = 18041A9468A747E0B15D1D7C /* CDVInAppBrowser.m */; };
		0DD85FDD9C6C4F97801B56E0 /* CDVConnection.m in Sources */ = {isa = PBXBuildFile; fileRef = 82E79B0973A94E38B60554DA /* CDVConnection.m */; };
		C0FB16EC944B43A5BDD50F57 /* CDVReachability.m in Sources */ = {isa = PBXBuildFile; fileRef = 627BD894B9DA43FDB4370E75 /* CDVReachability.m */; };
		166FD0C545CC4D7B9A2EEDC3 /* SystemConfiguration.framework in Frameworks */ = {isa = PBXBuildFile; fileRef = E908D402F1854DCB946FF2CF /* SystemConfiguration.framework */; settings = {ATTRIBUTES = (Weak, ); }; };
		89282A8DDBCE4E53848C5001 /* CoreTelephony.framework in Frameworks */ = {isa = PBXBuildFile; fileRef = 72B5C1F04BD04CFBA374E215 /* CoreTelephony.framework */; };
		A4D58F8F18F3455681CD306A /* CDVSplashScreen.m in Sources */ = {isa = PBXBuildFile; fileRef = D7A339911CCE44E990C60377 /* CDVSplashScreen.m */; };
		0ED6D547E79C47C9AB9827BE /* CDVViewController+SplashScreen.m in Sources */ = {isa = PBXBuildFile; fileRef = 4C843CDFCB8A4EA18226EF14 /* CDVViewController+SplashScreen.m */; };
		745DAA6615EC44EF9831745B /* LaunchNavigator.m in Sources */ = {isa = PBXBuildFile; fileRef = 8765B5FE64514E23BA21D302 /* LaunchNavigator.m */; };
		1C720526AF994F28A5568119 /* MapKit.framework in Frameworks */ = {isa = PBXBuildFile; fileRef = 023E0E9487544E428C795678 /* MapKit.framework */; };
		3D33BCEB366141E2963BBC91 /* CoreLocation.framework in Frameworks */ = {isa = PBXBuildFile; fileRef = E678749A340C4EBDA06D82CD /* CoreLocation.framework */; };
/* End PBXBuildFile section */

/* Begin PBXContainerItemProxy section */
		301BF534109A57CC0062928A /* PBXContainerItemProxy */ = {
			isa = PBXContainerItemProxy;
			containerPortal = 301BF52D109A57CC0062928A /* CordovaLib.xcodeproj */;
			proxyType = 2;
			remoteGlobalIDString = D2AAC07E0554694100DB518D;
			remoteInfo = CordovaLib;
		};
		301BF550109A68C00062928A /* PBXContainerItemProxy */ = {
			isa = PBXContainerItemProxy;
			containerPortal = 301BF52D109A57CC0062928A /* CordovaLib.xcodeproj */;
			proxyType = 1;
			remoteGlobalIDString = D2AAC07D0554694100DB518D;
			remoteInfo = CordovaLib;
		};
/* End PBXContainerItemProxy section */

/* Begin PBXFileReference section */
		0207DA571B56EA530066E2B4 /* Images.xcassets */ = {isa = PBXFileReference; lastKnownFileType = folder.assetcatalog; name = Images.xcassets; path = "CRC Krakow/Images.xcassets"; sourceTree = SOURCE_ROOT; };
		1D3623240D0F684500981E51 /* AppDelegate.h */ = {isa = PBXFileReference; fileEncoding = 4; lastKnownFileType = sourcecode.c.h; path = AppDelegate.h; sourceTree = "<group>"; };
		1D3623250D0F684500981E51 /* AppDelegate.m */ = {isa = PBXFileReference; fileEncoding = 4; lastKnownFileType = sourcecode.c.objc; path = AppDelegate.m; sourceTree = "<group>"; };
		1D6058910D05DD3D006BFB54 /* CRC Krakow.app */ = {isa = PBXFileReference; explicitFileType = wrapper.application; includeInIndex = 0; path = "CRC Krakow.app"; sourceTree = BUILT_PRODUCTS_DIR; };
		29B97316FDCFA39411CA2CEA /* main.m */ = {isa = PBXFileReference; fileEncoding = 4; lastKnownFileType = sourcecode.c.objc; path = main.m; sourceTree = "<group>"; };
		301BF52D109A57CC0062928A /* CordovaLib.xcodeproj */ = {isa = PBXFileReference; lastKnownFileType = "wrapper.pb-project"; path = CordovaLib/CordovaLib.xcodeproj; sourceTree = "<group>"; };
		301BF56E109A69640062928A /* www */ = {isa = PBXFileReference; lastKnownFileType = folder; path = www; sourceTree = SOURCE_ROOT; };
		302D95EE14D2391D003F00A1 /* MainViewController.h */ = {isa = PBXFileReference; fileEncoding = 4; lastKnownFileType = sourcecode.c.h; path = MainViewController.h; sourceTree = "<group>"; };
		302D95EF14D2391D003F00A1 /* MainViewController.m */ = {isa = PBXFileReference; fileEncoding = 4; lastKnownFileType = sourcecode.c.objc; path = MainViewController.m; sourceTree = "<group>"; };
		302D95F014D2391D003F00A1 /* MainViewController.xib */ = {isa = PBXFileReference; fileEncoding = 4; lastKnownFileType = file.xib; path = MainViewController.xib; sourceTree = "<group>"; };
		3047A50F1AB8059700498E2A /* build-debug.xcconfig */ = {isa = PBXFileReference; fileEncoding = 4; lastKnownFileType = text.xcconfig; name = "build-debug.xcconfig"; path = cordova/build-debug.xcconfig; sourceTree = SOURCE_ROOT; };
		3047A5101AB8059700498E2A /* build-release.xcconfig */ = {isa = PBXFileReference; fileEncoding = 4; lastKnownFileType = text.xcconfig; name = "build-release.xcconfig"; path = cordova/build-release.xcconfig; sourceTree = SOURCE_ROOT; };
		3047A5111AB8059700498E2A /* build.xcconfig */ = {isa = PBXFileReference; fileEncoding = 4; lastKnownFileType = text.xcconfig; name = build.xcconfig; path = cordova/build.xcconfig; sourceTree = SOURCE_ROOT; };
		32CA4F630368D1EE00C91783 /* CRC Krakow-Prefix.pch */ = {isa = PBXFileReference; fileEncoding = 4; lastKnownFileType = sourcecode.c.h; path = "CRC Krakow-Prefix.pch"; sourceTree = "<group>"; };
		6AFF5BF81D6E424B00AB3073 /* CDVLaunchScreen.storyboard */ = {isa = PBXFileReference; fileEncoding = 4; lastKnownFileType = file.storyboard; name = CDVLaunchScreen.storyboard; path = "CRC Krakow/CDVLaunchScreen.storyboard"; sourceTree = SOURCE_ROOT; };
		8D1107310486CEB800E47090 /* CRC Krakow-Info.plist */ = {isa = PBXFileReference; fileEncoding = 4; lastKnownFileType = text.plist.xml; name = "CRC Krakow-Info.plist"; path = "CRC Krakow/CRC Krakow-Info.plist"; plistStructureDefinitionIdentifier = "com.apple.xcode.plist.structure-definition.iphone.info-plist"; sourceTree = SOURCE_ROOT; };
		EB87FDF31871DA8E0020F90C /* www */ = {isa = PBXFileReference; lastKnownFileType = folder; name = www; path = ../../www; sourceTree = "<group>"; };
		EB87FDF41871DAF40020F90C /* config.xml */ = {isa = PBXFileReference; lastKnownFileType = text.xml; name = config.xml; path = ../../config.xml; sourceTree = "<group>"; };
		F840E1F0165FE0F500CFE078 /* config.xml */ = {isa = PBXFileReference; lastKnownFileType = text.xml; name = config.xml; path = "CRC Krakow/config.xml"; sourceTree = "<group>"; };
		ED33DF2A687741AEAF9F8254 /* Bridging-Header.h */ = {isa = PBXFileReference; fileEncoding = 4; lastKnownFileType = sourcecode.c.h; name = "Bridging-Header.h"; path = "Bridging-Header.h"; sourceTree = "<group>"; };
		661B26D1D1D64DAB96B9577B /* NativePageTransitions.m */ = {isa = PBXFileReference; name = "NativePageTransitions.m"; path = "com.telerik.plugins.nativepagetransitions/NativePageTransitions.m"; sourceTree = "<group>"; fileEncoding = 4; lastKnownFileType = sourcecode.c.objc; explicitFileType = undefined; includeInIndex = 0; };
		3391E6EE62D14F5DB1CDFEC8 /* AppDelegate+nativepagetransitions.m */ = {isa = PBXFileReference; name = "AppDelegate+nativepagetransitions.m"; path = "com.telerik.plugins.nativepagetransitions/AppDelegate+nativepagetransitions.m"; sourceTree = "<group>"; fileEncoding = 4; lastKnownFileType = sourcecode.c.objc; explicitFileType = undefined; includeInIndex = 0; };
		19F4C5E5605E4A7090E096FD /* NativePageTransitions.h */ = {isa = PBXFileReference; name = "NativePageTransitions.h"; path = "com.telerik.plugins.nativepagetransitions/NativePageTransitions.h"; sourceTree = "<group>"; fileEncoding = 4; lastKnownFileType = sourcecode.c.h; explicitFileType = undefined; includeInIndex = 0; };
		94E77EC0EEAB400795102807 /* AppDelegate+nativepagetransitions.h */ = {isa = PBXFileReference; name = "AppDelegate+nativepagetransitions.h"; path = "com.telerik.plugins.nativepagetransitions/AppDelegate+nativepagetransitions.h"; sourceTree = "<group>"; fileEncoding = 4; lastKnownFileType = sourcecode.c.h; explicitFileType = undefined; includeInIndex = 0; };
		3BCFE7F7104C4774826CC7BC /* AppVersion.m */ = {isa = PBXFileReference; name = "AppVersion.m"; path = "cordova-plugin-app-version/AppVersion.m"; sourceTree = "<group>"; fileEncoding = 4; lastKnownFileType = sourcecode.c.objc; explicitFileType = undefined; includeInIndex = 0; };
		644DB0A6C5D943C8ADFD014A /* AppVersion.h */ = {isa = PBXFileReference; name = "AppVersion.h"; path = "cordova-plugin-app-version/AppVersion.h"; sourceTree = "<group>"; fileEncoding = 4; lastKnownFileType = sourcecode.c.h; explicitFileType = undefined; includeInIndex = 0; };
		233ABF6F60DE4AF2AFBE0FAB /* BLECentralPlugin.m */ = {isa = PBXFileReference; name = "BLECentralPlugin.m"; path = "cordova-plugin-ble-central/BLECentralPlugin/BLECentralPlugin.m"; sourceTree = "<group>"; fileEncoding = 4; lastKnownFileType = sourcecode.c.objc; explicitFileType = undefined; includeInIndex = 0; };
		FE1C9EAD474349C6AB4BE66F /* CBPeripheral+Extensions.m */ = {isa = PBXFileReference; name = "CBPeripheral+Extensions.m"; path = "cordova-plugin-ble-central/BLECentralPlugin/CBPeripheral+Extensions.m"; sourceTree = "<group>"; fileEncoding = 4; lastKnownFileType = sourcecode.c.objc; explicitFileType = undefined; includeInIndex = 0; };
		6FEC28305DFC485EB2857DF5 /* BLECommandContext.m */ = {isa = PBXFileReference; name = "BLECommandContext.m"; path = "cordova-plugin-ble-central/BLECentralPlugin/BLECommandContext.m"; sourceTree = "<group>"; fileEncoding = 4; lastKnownFileType = sourcecode.c.objc; explicitFileType = undefined; includeInIndex = 0; };
		62E7971B9F1A480AAA9FF1CA /* BLECentralPlugin.h */ = {isa = PBXFileReference; name = "BLECentralPlugin.h"; path = "cordova-plugin-ble-central/BLECentralPlugin/BLECentralPlugin.h"; sourceTree = "<group>"; fileEncoding = 4; lastKnownFileType = sourcecode.c.h; explicitFileType = undefined; includeInIndex = 0; };
		73B782490E764C38B5E05D39 /* CBPeripheral+Extensions.h */ = {isa = PBXFileReference; name = "CBPeripheral+Extensions.h"; path = "cordova-plugin-ble-central/BLECentralPlugin/CBPeripheral+Extensions.h"; sourceTree = "<group>"; fileEncoding = 4; lastKnownFileType = sourcecode.c.h; explicitFileType = undefined; includeInIndex = 0; };
		9160D3BAD73144E6B9A67C7D /* BLECommandContext.h */ = {isa = PBXFileReference; name = "BLECommandContext.h"; path = "cordova-plugin-ble-central/BLECentralPlugin/BLECommandContext.h"; sourceTree = "<group>"; fileEncoding = 4; lastKnownFileType = sourcecode.c.h; explicitFileType = undefined; includeInIndex = 0; };
		CD299DB8324C4D1684806A01 /* CoreBluetooth.framework */ = {isa = PBXFileReference; name = "CoreBluetooth.framework"; path = "System/Library/Frameworks/CoreBluetooth.framework"; sourceTree = SDKROOT; fileEncoding = undefined; lastKnownFileType = wrapper.framework; explicitFileType = undefined; includeInIndex = 0; };
		BC069479CFFB4BC58E03F8B8 /* Calendar.m */ = {isa = PBXFileReference; name = "Calendar.m"; path = "cordova-plugin-calendar/Calendar.m"; sourceTree = "<group>"; fileEncoding = 4; lastKnownFileType = sourcecode.c.objc; explicitFileType = undefined; includeInIndex = 0; };
		7AA5D3E21DA341E6B4A6A24C /* Calendar.h */ = {isa = PBXFileReference; name = "Calendar.h"; path = "cordova-plugin-calendar/Calendar.h"; sourceTree = "<group>"; fileEncoding = 4; lastKnownFileType = sourcecode.c.h; explicitFileType = undefined; includeInIndex = 0; };
		6BD2CE3E694D4151BAD2C17C /* EventKit.framework */ = {isa = PBXFileReference; name = "EventKit.framework"; path = "System/Library/Frameworks/EventKit.framework"; sourceTree = SDKROOT; fileEncoding = undefined; lastKnownFileType = wrapper.framework; explicitFileType = undefined; includeInIndex = 0; };
		65E720CFA4D342C9B7162077 /* EventKitUI.framework */ = {isa = PBXFileReference; name = "EventKitUI.framework"; path = "System/Library/Frameworks/EventKitUI.framework"; sourceTree = SDKROOT; fileEncoding = undefined; lastKnownFileType = wrapper.framework; explicitFileType = undefined; includeInIndex = 0; };
		F71AC6330DF64495B4ADDC3B /* CDVCertificate.m */ = {isa = PBXFileReference; name = "CDVCertificate.m"; path = "cordova-plugin-certificates/CDVCertificate.m"; sourceTree = "<group>"; fileEncoding = 4; lastKnownFileType = sourcecode.c.objc; explicitFileType = undefined; includeInIndex = 0; };
		BEF3D3AE780D46DEB167014D /* NSURLRequest+AllowUntrustedCertificates.m */ = {isa = PBXFileReference; name = "NSURLRequest+AllowUntrustedCertificates.m"; path = "cordova-plugin-certificates/NSURLRequest+AllowUntrustedCertificates.m"; sourceTree = "<group>"; fileEncoding = 4; lastKnownFileType = sourcecode.c.objc; explicitFileType = undefined; includeInIndex = 0; };
		A117C2869A0745B1B6857511 /* CDVCertificate.h */ = {isa = PBXFileReference; name = "CDVCertificate.h"; path = "cordova-plugin-certificates/CDVCertificate.h"; sourceTree = "<group>"; fileEncoding = 4; lastKnownFileType = sourcecode.c.h; explicitFileType = undefined; includeInIndex = 0; };
		E9213FFA8821494CA3A491C0 /* NSURLRequest+AllowUntrustedCertificates.h */ = {isa = PBXFileReference; name = "NSURLRequest+AllowUntrustedCertificates.h"; path = "cordova-plugin-certificates/NSURLRequest+AllowUntrustedCertificates.h"; sourceTree = "<group>"; fileEncoding = 4; lastKnownFileType = sourcecode.c.h; explicitFileType = undefined; includeInIndex = 0; };
		0F5C75B8A49540D8BA7D24C6 /* APPEmailComposer.m */ = {isa = PBXFileReference; name = "APPEmailComposer.m"; path = "cordova-plugin-email-composer/APPEmailComposer.m"; sourceTree = "<group>"; fileEncoding = 4; lastKnownFileType = sourcecode.c.objc; explicitFileType = undefined; includeInIndex = 0; };
		E947F92B89CD4A06B906E6EA /* APPEmailComposerImpl.m */ = {isa = PBXFileReference; name = "APPEmailComposerImpl.m"; path = "cordova-plugin-email-composer/APPEmailComposerImpl.m"; sourceTree = "<group>"; fileEncoding = 4; lastKnownFileType = sourcecode.c.objc; explicitFileType = undefined; includeInIndex = 0; };
		48A87AC08B7741C896C68699 /* APPEmailComposer.h */ = {isa = PBXFileReference; name = "APPEmailComposer.h"; path = "cordova-plugin-email-composer/APPEmailComposer.h"; sourceTree = "<group>"; fileEncoding = 4; lastKnownFileType = sourcecode.c.h; explicitFileType = undefined; includeInIndex = 0; };
		2A92F2972B934A61BF1AC0E5 /* APPEmailComposerImpl.h */ = {isa = PBXFileReference; name = "APPEmailComposerImpl.h"; path = "cordova-plugin-email-composer/APPEmailComposerImpl.h"; sourceTree = "<group>"; fileEncoding = 4; lastKnownFileType = sourcecode.c.h; explicitFileType = undefined; includeInIndex = 0; };
		99D149EE55274824AF7161F3 /* MessageUI.framework */ = {isa = PBXFileReference; name = "MessageUI.framework"; path = "System/Library/Frameworks/MessageUI.framework"; sourceTree = SDKROOT; fileEncoding = undefined; lastKnownFileType = wrapper.framework; explicitFileType = undefined; includeInIndex = 0; };
		18041A9468A747E0B15D1D7C /* CDVInAppBrowser.m */ = {isa = PBXFileReference; name = "CDVInAppBrowser.m"; path = "cordova-plugin-inappbrowser/CDVInAppBrowser.m"; sourceTree = "<group>"; fileEncoding = 4; lastKnownFileType = sourcecode.c.objc; explicitFileType = undefined; includeInIndex = 0; };
		683676F9E7944E4EA9CAA067 /* CDVInAppBrowser.h */ = {isa = PBXFileReference; name = "CDVInAppBrowser.h"; path = "cordova-plugin-inappbrowser/CDVInAppBrowser.h"; sourceTree = "<group>"; fileEncoding = 4; lastKnownFileType = sourcecode.c.h; explicitFileType = undefined; includeInIndex = 0; };
		82E79B0973A94E38B60554DA /* CDVConnection.m */ = {isa = PBXFileReference; name = "CDVConnection.m"; path = "cordova-plugin-network-information/CDVConnection.m"; sourceTree = "<group>"; fileEncoding = 4; lastKnownFileType = sourcecode.c.objc; explicitFileType = undefined; includeInIndex = 0; };
		627BD894B9DA43FDB4370E75 /* CDVReachability.m */ = {isa = PBXFileReference; name = "CDVReachability.m"; path = "cordova-plugin-network-information/CDVReachability.m"; sourceTree = "<group>"; fileEncoding = 4; lastKnownFileType = sourcecode.c.objc; explicitFileType = undefined; includeInIndex = 0; };
		B0E2625B08B04DB5BA99894E /* CDVConnection.h */ = {isa = PBXFileReference; name = "CDVConnection.h"; path = "cordova-plugin-network-information/CDVConnection.h"; sourceTree = "<group>"; fileEncoding = 4; lastKnownFileType = sourcecode.c.h; explicitFileType = undefined; includeInIndex = 0; };
		F50381CF16A249D288E3214A /* CDVReachability.h */ = {isa = PBXFileReference; name = "CDVReachability.h"; path = "cordova-plugin-network-information/CDVReachability.h"; sourceTree = "<group>"; fileEncoding = 4; lastKnownFileType = sourcecode.c.h; explicitFileType = undefined; includeInIndex = 0; };
		E908D402F1854DCB946FF2CF /* SystemConfiguration.framework */ = {isa = PBXFileReference; name = "SystemConfiguration.framework"; path = "System/Library/Frameworks/SystemConfiguration.framework"; sourceTree = SDKROOT; fileEncoding = undefined; lastKnownFileType = wrapper.framework; explicitFileType = undefined; includeInIndex = 0; };
		72B5C1F04BD04CFBA374E215 /* CoreTelephony.framework */ = {isa = PBXFileReference; name = "CoreTelephony.framework"; path = "System/Library/Frameworks/CoreTelephony.framework"; sourceTree = SDKROOT; fileEncoding = undefined; lastKnownFileType = wrapper.framework; explicitFileType = undefined; includeInIndex = 0; };
		D7A339911CCE44E990C60377 /* CDVSplashScreen.m */ = {isa = PBXFileReference; name = "CDVSplashScreen.m"; path = "cordova-plugin-splashscreen/CDVSplashScreen.m"; sourceTree = "<group>"; fileEncoding = 4; lastKnownFileType = sourcecode.c.objc; explicitFileType = undefined; includeInIndex = 0; };
		4C843CDFCB8A4EA18226EF14 /* CDVViewController+SplashScreen.m */ = {isa = PBXFileReference; name = "CDVViewController+SplashScreen.m"; path = "cordova-plugin-splashscreen/CDVViewController+SplashScreen.m"; sourceTree = "<group>"; fileEncoding = 4; lastKnownFileType = sourcecode.c.objc; explicitFileType = undefined; includeInIndex = 0; };
		FA4E83A4EB494B67B07F4A70 /* CDVSplashScreen.h */ = {isa = PBXFileReference; name = "CDVSplashScreen.h"; path = "cordova-plugin-splashscreen/CDVSplashScreen.h"; sourceTree = "<group>"; fileEncoding = 4; lastKnownFileType = sourcecode.c.h; explicitFileType = undefined; includeInIndex = 0; };
		4D65BD643E2D44478FE1241E /* CDVViewController+SplashScreen.h */ = {isa = PBXFileReference; name = "CDVViewController+SplashScreen.h"; path = "cordova-plugin-splashscreen/CDVViewController+SplashScreen.h"; sourceTree = "<group>"; fileEncoding = 4; lastKnownFileType = sourcecode.c.h; explicitFileType = undefined; includeInIndex = 0; };
		8765B5FE64514E23BA21D302 /* LaunchNavigator.m */ = {isa = PBXFileReference; name = "LaunchNavigator.m"; path = "uk.co.workingedge.phonegap.plugin.launchnavigator/LaunchNavigator.m"; sourceTree = "<group>"; fileEncoding = 4; lastKnownFileType = sourcecode.c.objc; explicitFileType = undefined; includeInIndex = 0; };
		E479692BDB1240529C23EC1A /* LaunchNavigator.h */ = {isa = PBXFileReference; name = "LaunchNavigator.h"; path = "uk.co.workingedge.phonegap.plugin.launchnavigator/LaunchNavigator.h"; sourceTree = "<group>"; fileEncoding = 4; lastKnownFileType = sourcecode.c.h; explicitFileType = undefined; includeInIndex = 0; };
		023E0E9487544E428C795678 /* MapKit.framework */ = {isa = PBXFileReference; name = "MapKit.framework"; path = "System/Library/Frameworks/MapKit.framework"; sourceTree = SDKROOT; fileEncoding = undefined; lastKnownFileType = wrapper.framework; explicitFileType = undefined; includeInIndex = 0; };
		E678749A340C4EBDA06D82CD /* CoreLocation.framework */ = {isa = PBXFileReference; name = "CoreLocation.framework"; path = "System/Library/Frameworks/CoreLocation.framework"; sourceTree = SDKROOT; fileEncoding = undefined; lastKnownFileType = wrapper.framework; explicitFileType = undefined; includeInIndex = 0; };
/* End PBXFileReference section */

/* Begin PBXFrameworksBuildPhase section */
		1D60588F0D05DD3D006BFB54 /* Frameworks */ = {
			isa = PBXFrameworksBuildPhase;
			buildActionMask = 2147483647;
			files = (
				301BF552109A68D80062928A /* libCordova.a in Frameworks */,
				B38C341A90044520902E83BD /* CoreBluetooth.framework in Frameworks */,
				BA58C751440F4B9F9001B53E /* EventKit.framework in Frameworks */,
				BE34D26F80E24B05B26E647F /* EventKitUI.framework in Frameworks */,
				957C1FED40184FA9BADE714C /* MessageUI.framework in Frameworks */,
				166FD0C545CC4D7B9A2EEDC3 /* SystemConfiguration.framework in Frameworks */,
				89282A8DDBCE4E53848C5001 /* CoreTelephony.framework in Frameworks */,
				1C720526AF994F28A5568119 /* MapKit.framework in Frameworks */,
				3D33BCEB366141E2963BBC91 /* CoreLocation.framework in Frameworks */,
			);
			runOnlyForDeploymentPostprocessing = 0;
		};
/* End PBXFrameworksBuildPhase section */

/* Begin PBXGroup section */
		080E96DDFE201D6D7F000001 /* Classes */ = {
			isa = PBXGroup;
			children = (
				302D95EE14D2391D003F00A1 /* MainViewController.h */,
				302D95EF14D2391D003F00A1 /* MainViewController.m */,
				302D95F014D2391D003F00A1 /* MainViewController.xib */,
				1D3623240D0F684500981E51 /* AppDelegate.h */,
				1D3623250D0F684500981E51 /* AppDelegate.m */,
			);
			name = Classes;
			path = "CRC Krakow/Classes";
			sourceTree = SOURCE_ROOT;
		};
		19C28FACFE9D520D11CA2CBB /* Products */ = {
			isa = PBXGroup;
			children = (
				1D6058910D05DD3D006BFB54 /* CRC Krakow.app */,
			);
			name = Products;
			sourceTree = "<group>";
		};
		29B97314FDCFA39411CA2CEA /* CustomTemplate */ = {
			isa = PBXGroup;
			children = (
				EB87FDF41871DAF40020F90C /* config.xml */,
				EB87FDF31871DA8E0020F90C /* www */,
				EB87FDF11871DA420020F90C /* Staging */,
				301BF52D109A57CC0062928A /* CordovaLib.xcodeproj */,
				080E96DDFE201D6D7F000001 /* Classes */,
				307C750510C5A3420062BCA9 /* Plugins */,
				29B97315FDCFA39411CA2CEA /* Other Sources */,
				29B97317FDCFA39411CA2CEA /* Resources */,
				29B97323FDCFA39411CA2CEA /* Frameworks */,
				19C28FACFE9D520D11CA2CBB /* Products */,
			);
			name = CustomTemplate;
			sourceTree = "<group>";
		};
		29B97315FDCFA39411CA2CEA /* Other Sources */ = {
			isa = PBXGroup;
			children = (
				32CA4F630368D1EE00C91783 /* CRC Krakow-Prefix.pch */,
				29B97316FDCFA39411CA2CEA /* main.m */,
				ED33DF2A687741AEAF9F8254 /* Bridging-Header.h */,
			);
			name = "Other Sources";
			path = "CRC Krakow";
			sourceTree = "<group>";
		};
		29B97317FDCFA39411CA2CEA /* Resources */ = {
			isa = PBXGroup;
			children = (
				0207DA571B56EA530066E2B4 /* Images.xcassets */,
				3047A50E1AB8057F00498E2A /* config */,
				8D1107310486CEB800E47090 /* CRC Krakow-Info.plist */,
				6AFF5BF81D6E424B00AB3073 /* CDVLaunchScreen.storyboard */,
			);
			name = Resources;
			path = "CRC Krakow/Resources";
			sourceTree = "<group>";
		};
		29B97323FDCFA39411CA2CEA /* Frameworks */ = {
			isa = PBXGroup;
			children = (
				CD299DB8324C4D1684806A01 /* CoreBluetooth.framework */,
				6BD2CE3E694D4151BAD2C17C /* EventKit.framework */,
				65E720CFA4D342C9B7162077 /* EventKitUI.framework */,
				99D149EE55274824AF7161F3 /* MessageUI.framework */,
				E908D402F1854DCB946FF2CF /* SystemConfiguration.framework */,
				72B5C1F04BD04CFBA374E215 /* CoreTelephony.framework */,
				023E0E9487544E428C795678 /* MapKit.framework */,
				E678749A340C4EBDA06D82CD /* CoreLocation.framework */,
			);
			name = Frameworks;
			sourceTree = "<group>";
		};
		301BF52E109A57CC0062928A /* Products */ = {
			isa = PBXGroup;
			children = (
				301BF535109A57CC0062928A /* libCordova.a */,
			);
			name = Products;
			sourceTree = "<group>";
		};
		3047A50E1AB8057F00498E2A /* config */ = {
			isa = PBXGroup;
			children = (
				3047A50F1AB8059700498E2A /* build-debug.xcconfig */,
				3047A5101AB8059700498E2A /* build-release.xcconfig */,
				3047A5111AB8059700498E2A /* build.xcconfig */,
			);
			name = config;
			sourceTree = "<group>";
		};
		307C750510C5A3420062BCA9 /* Plugins */ = {
			isa = PBXGroup;
			children = (
				661B26D1D1D64DAB96B9577B /* NativePageTransitions.m */,
				3391E6EE62D14F5DB1CDFEC8 /* AppDelegate+nativepagetransitions.m */,
				19F4C5E5605E4A7090E096FD /* NativePageTransitions.h */,
				94E77EC0EEAB400795102807 /* AppDelegate+nativepagetransitions.h */,
				3BCFE7F7104C4774826CC7BC /* AppVersion.m */,
				644DB0A6C5D943C8ADFD014A /* AppVersion.h */,
				233ABF6F60DE4AF2AFBE0FAB /* BLECentralPlugin.m */,
				FE1C9EAD474349C6AB4BE66F /* CBPeripheral+Extensions.m */,
				6FEC28305DFC485EB2857DF5 /* BLECommandContext.m */,
				62E7971B9F1A480AAA9FF1CA /* BLECentralPlugin.h */,
				73B782490E764C38B5E05D39 /* CBPeripheral+Extensions.h */,
				9160D3BAD73144E6B9A67C7D /* BLECommandContext.h */,
				BC069479CFFB4BC58E03F8B8 /* Calendar.m */,
				7AA5D3E21DA341E6B4A6A24C /* Calendar.h */,
				F71AC6330DF64495B4ADDC3B /* CDVCertificate.m */,
				BEF3D3AE780D46DEB167014D /* NSURLRequest+AllowUntrustedCertificates.m */,
				A117C2869A0745B1B6857511 /* CDVCertificate.h */,
				E9213FFA8821494CA3A491C0 /* NSURLRequest+AllowUntrustedCertificates.h */,
				0F5C75B8A49540D8BA7D24C6 /* APPEmailComposer.m */,
				E947F92B89CD4A06B906E6EA /* APPEmailComposerImpl.m */,
				48A87AC08B7741C896C68699 /* APPEmailComposer.h */,
				2A92F2972B934A61BF1AC0E5 /* APPEmailComposerImpl.h */,
				18041A9468A747E0B15D1D7C /* CDVInAppBrowser.m */,
				683676F9E7944E4EA9CAA067 /* CDVInAppBrowser.h */,
				82E79B0973A94E38B60554DA /* CDVConnection.m */,
				627BD894B9DA43FDB4370E75 /* CDVReachability.m */,
				B0E2625B08B04DB5BA99894E /* CDVConnection.h */,
				F50381CF16A249D288E3214A /* CDVReachability.h */,
				D7A339911CCE44E990C60377 /* CDVSplashScreen.m */,
				4C843CDFCB8A4EA18226EF14 /* CDVViewController+SplashScreen.m */,
				FA4E83A4EB494B67B07F4A70 /* CDVSplashScreen.h */,
				4D65BD643E2D44478FE1241E /* CDVViewController+SplashScreen.h */,
				8765B5FE64514E23BA21D302 /* LaunchNavigator.m */,
				E479692BDB1240529C23EC1A /* LaunchNavigator.h */,
			);
			name = Plugins;
			path = "CRC Krakow/Plugins";
			sourceTree = SOURCE_ROOT;
		};
		EB87FDF11871DA420020F90C /* Staging */ = {
			isa = PBXGroup;
			children = (
				F840E1F0165FE0F500CFE078 /* config.xml */,
				301BF56E109A69640062928A /* www */,
			);
			name = Staging;
			sourceTree = "<group>";
		};
/* End PBXGroup section */

/* Begin PBXNativeTarget section */
		1D6058900D05DD3D006BFB54 /* CRC Krakow */ = {
			isa = PBXNativeTarget;
			buildConfigurationList = 1D6058960D05DD3E006BFB54 /* Build configuration list for PBXNativeTarget "CRC Krakow" */;
			buildPhases = (
				304B58A110DAC018002A0835 /* Copy www directory */,
				1D60588D0D05DD3D006BFB54 /* Resources */,
				1D60588E0D05DD3D006BFB54 /* Sources */,
				1D60588F0D05DD3D006BFB54 /* Frameworks */,
			);
			buildRules = (
			);
			dependencies = (
				301BF551109A68C00062928A /* PBXTargetDependency */,
			);
			name = "CRC Krakow";
			productName = "CRC Krakow";
			productReference = 1D6058910D05DD3D006BFB54 /* CRC Krakow.app */;
			productType = "com.apple.product-type.application";
		};
/* End PBXNativeTarget section */

/* Begin PBXProject section */
		29B97313FDCFA39411CA2CEA /* Project object */ = {
			isa = PBXProject;
			attributes = {
				LastUpgradeCheck = 510;
			};
			buildConfigurationList = C01FCF4E08A954540054247B /* Build configuration list for PBXProject "__NON-CLI__" */;
			compatibilityVersion = "Xcode 3.2";
			developmentRegion = English;
			hasScannedForEncodings = 1;
			mainGroup = 29B97314FDCFA39411CA2CEA /* CustomTemplate */;
			projectDirPath = "";
			projectReferences = (
				{
					ProductGroup = 301BF52E109A57CC0062928A /* Products */;
					ProjectRef = 301BF52D109A57CC0062928A /* CordovaLib.xcodeproj */;
				},
			);
			projectRoot = "";
			targets = (
				1D6058900D05DD3D006BFB54 /* CRC Krakow */,
			);
		};
/* End PBXProject section */

/* Begin PBXReferenceProxy section */
		301BF535109A57CC0062928A /* libCordova.a */ = {
			isa = PBXReferenceProxy;
			fileType = archive.ar;
			path = libCordova.a;
			remoteRef = 301BF534109A57CC0062928A /* PBXContainerItemProxy */;
			sourceTree = BUILT_PRODUCTS_DIR;
		};
/* End PBXReferenceProxy section */

/* Begin PBXResourcesBuildPhase section */
		1D60588D0D05DD3D006BFB54 /* Resources */ = {
			isa = PBXResourcesBuildPhase;
			buildActionMask = 2147483647;
			files = (
				302D95F214D2391D003F00A1 /* MainViewController.xib in Resources */,
				0207DA581B56EA530066E2B4 /* Images.xcassets in Resources */,
				6AFF5BF91D6E424B00AB3073 /* CDVLaunchScreen.storyboard in Resources */,
			);
			runOnlyForDeploymentPostprocessing = 0;
		};
/* End PBXResourcesBuildPhase section */

/* Begin PBXShellScriptBuildPhase section */
		304B58A110DAC018002A0835 /* Copy www directory */ = {
			isa = PBXShellScriptBuildPhase;
			buildActionMask = 2147483647;
			files = (
			);
			inputPaths = (
			);
			name = "Copy www directory";
			outputPaths = (
			);
			runOnlyForDeploymentPostprocessing = 0;
			shellPath = /bin/sh;
			shellScript = "NODEJS_PATH=/usr/local/bin; NVM_NODE_PATH=~/.nvm/versions/node/`nvm version 2>/dev/null`/bin; N_NODE_PATH=`find /usr/local/n/versions/node/* -maxdepth 0 -type d 2>/dev/null | tail -1`/bin; XCODE_NODE_PATH=`xcode-select --print-path`/usr/share/xcs/Node/bin; PATH=$NODEJS_PATH:$NVM_NODE_PATH:$N_NODE_PATH:$XCODE_NODE_PATH:$PATH && node cordova/lib/copy-www-build-step.js";
			showEnvVarsInLog = 0;
		};
/* End PBXShellScriptBuildPhase section */

/* Begin PBXSourcesBuildPhase section */
		1D60588E0D05DD3D006BFB54 /* Sources */ = {
			isa = PBXSourcesBuildPhase;
			buildActionMask = 2147483647;
			files = (
				1D60589B0D05DD56006BFB54 /* main.m in Sources */,
				1D3623260D0F684500981E51 /* AppDelegate.m in Sources */,
				302D95F114D2391D003F00A1 /* MainViewController.m in Sources */,
				19A974DF47724AD7A7BFFAD3 /* NativePageTransitions.m in Sources */,
				1D52BABE15904D1BB1E822CE /* AppDelegate+nativepagetransitions.m in Sources */,
				45AC62609D6E4B7FAAC0A1E2 /* AppVersion.m in Sources */,
				EE49638EF8744F37835F2207 /* BLECentralPlugin.m in Sources */,
				527BB8AC06B74E6DB4AFA7E9 /* CBPeripheral+Extensions.m in Sources */,
				19FBE59D85C54EB599836FE8 /* BLECommandContext.m in Sources */,
				1FD1AB71E758473FA1C3A6A5 /* Calendar.m in Sources */,
				0A7449E7AD4145C2BBA88DF8 /* CDVCertificate.m in Sources */,
				93D21549C99444EABF8D5882 /* NSURLRequest+AllowUntrustedCertificates.m in Sources */,
				427175F52350491895794284 /* APPEmailComposer.m in Sources */,
				A41223EA0D13410AB4A94DA1 /* APPEmailComposerImpl.m in Sources */,
				9E45DE03A303403E80410138 /* CDVInAppBrowser.m in Sources */,
				0DD85FDD9C6C4F97801B56E0 /* CDVConnection.m in Sources */,
				C0FB16EC944B43A5BDD50F57 /* CDVReachability.m in Sources */,
				A4D58F8F18F3455681CD306A /* CDVSplashScreen.m in Sources */,
				0ED6D547E79C47C9AB9827BE /* CDVViewController+SplashScreen.m in Sources */,
				745DAA6615EC44EF9831745B /* LaunchNavigator.m in Sources */,
			);
			runOnlyForDeploymentPostprocessing = 0;
		};
/* End PBXSourcesBuildPhase section */

/* Begin PBXTargetDependency section */
		301BF551109A68C00062928A /* PBXTargetDependency */ = {
			isa = PBXTargetDependency;
			name = CordovaLib;
			targetProxy = 301BF550109A68C00062928A /* PBXContainerItemProxy */;
		};
/* End PBXTargetDependency section */

/* Begin XCBuildConfiguration section */
		1D6058940D05DD3E006BFB54 /* Debug */ = {
			isa = XCBuildConfiguration;
			baseConfigurationReference = 3047A50F1AB8059700498E2A /* build-debug.xcconfig */;
			buildSettings = {
				ALWAYS_SEARCH_USER_PATHS = NO;
				ASSETCATALOG_COMPILER_APPICON_NAME = AppIcon;
				ASSETCATALOG_COMPILER_LAUNCHIMAGE_NAME = LaunchImage;
				CLANG_ENABLE_MODULES = YES;
				CLANG_ENABLE_OBJC_ARC = YES;
				COPY_PHASE_STRIP = NO;
				GCC_DYNAMIC_NO_PIC = NO;
				GCC_OPTIMIZATION_LEVEL = 0;
				GCC_PRECOMPILE_PREFIX_HEADER = YES;
				GCC_PREFIX_HEADER = "CRC Krakow/CRC Krakow-Prefix.pch";
				GCC_THUMB_SUPPORT = NO;
				GCC_VERSION = "";
				INFOPLIST_FILE = "CRC Krakow/CRC Krakow-Info.plist";
				IPHONEOS_DEPLOYMENT_TARGET = 9.0;
				LD_RUNPATH_SEARCH_PATHS = "@executable_path/Frameworks";
				TARGETED_DEVICE_FAMILY = "1,2";
				PRODUCT_NAME = "CRC Krakow";
			};
			name = Debug;
		};
		1D6058950D05DD3E006BFB54 /* Release */ = {
			isa = XCBuildConfiguration;
			baseConfigurationReference = 3047A5101AB8059700498E2A /* build-release.xcconfig */;
			buildSettings = {
				ALWAYS_SEARCH_USER_PATHS = NO;
				ASSETCATALOG_COMPILER_APPICON_NAME = AppIcon;
				ASSETCATALOG_COMPILER_LAUNCHIMAGE_NAME = LaunchImage;
				CLANG_ENABLE_MODULES = YES;
				CLANG_ENABLE_OBJC_ARC = YES;
				COPY_PHASE_STRIP = YES;
				GCC_PRECOMPILE_PREFIX_HEADER = YES;
				GCC_PREFIX_HEADER = "CRC Krakow/CRC Krakow-Prefix.pch";
				GCC_THUMB_SUPPORT = NO;
				GCC_VERSION = "";
				INFOPLIST_FILE = "CRC Krakow/CRC Krakow-Info.plist";
				IPHONEOS_DEPLOYMENT_TARGET = 9.0;
				LD_RUNPATH_SEARCH_PATHS = "@executable_path/Frameworks";
				TARGETED_DEVICE_FAMILY = "1,2";
				PRODUCT_NAME = "CRC Krakow";
			};
			name = Release;
		};
		C01FCF4F08A954540054247B /* Debug */ = {
			isa = XCBuildConfiguration;
			baseConfigurationReference = 3047A5111AB8059700498E2A /* build.xcconfig */;
			buildSettings = {
				CLANG_ENABLE_MODULES = YES;
				CLANG_ENABLE_OBJC_ARC = YES;
				CLANG_WARN_BOOL_CONVERSION = YES;
				CLANG_WARN_CONSTANT_CONVERSION = YES;
				CLANG_WARN_EMPTY_BODY = YES;
				CLANG_WARN_ENUM_CONVERSION = YES;
				CLANG_WARN_INT_CONVERSION = YES;
				CLANG_WARN__DUPLICATE_METHOD_MATCH = YES;
				GCC_C_LANGUAGE_STANDARD = c99;
				GCC_THUMB_SUPPORT = NO;
				GCC_VERSION = "";
				GCC_WARN_ABOUT_RETURN_TYPE = YES;
				GCC_WARN_UNDECLARED_SELECTOR = YES;
				GCC_WARN_UNINITIALIZED_AUTOS = YES;
				GCC_WARN_UNUSED_FUNCTION = YES;
				GCC_WARN_UNUSED_VARIABLE = YES;
				ONLY_ACTIVE_ARCH = YES;
				SDKROOT = iphoneos;
				SKIP_INSTALL = NO;
			};
			name = Debug;
		};
		C01FCF5008A954540054247B /* Release */ = {
			isa = XCBuildConfiguration;
			baseConfigurationReference = 3047A5111AB8059700498E2A /* build.xcconfig */;
			buildSettings = {
				CLANG_ENABLE_MODULES = YES;
				CLANG_ENABLE_OBJC_ARC = YES;
				CLANG_WARN_BOOL_CONVERSION = YES;
				CLANG_WARN_CONSTANT_CONVERSION = YES;
				CLANG_WARN_EMPTY_BODY = YES;
				CLANG_WARN_ENUM_CONVERSION = YES;
				CLANG_WARN_INT_CONVERSION = YES;
				CLANG_WARN__DUPLICATE_METHOD_MATCH = YES;
				GCC_C_LANGUAGE_STANDARD = c99;
				GCC_THUMB_SUPPORT = NO;
				GCC_VERSION = "";
				GCC_WARN_ABOUT_RETURN_TYPE = YES;
				GCC_WARN_UNDECLARED_SELECTOR = YES;
				GCC_WARN_UNINITIALIZED_AUTOS = YES;
				GCC_WARN_UNUSED_FUNCTION = YES;
				GCC_WARN_UNUSED_VARIABLE = YES;
				SDKROOT = iphoneos;
				SKIP_INSTALL = NO;
			};
			name = Release;
		};
/* End XCBuildConfiguration section */

/* Begin XCConfigurationList section */
		1D6058960D05DD3E006BFB54 /* Build configuration list for PBXNativeTarget "CRC Krakow" */ = {
			isa = XCConfigurationList;
			buildConfigurations = (
				1D6058940D05DD3E006BFB54 /* Debug */,
				1D6058950D05DD3E006BFB54 /* Release */,
			);
			defaultConfigurationIsVisible = 0;
			defaultConfigurationName = Release;
		};
		C01FCF4E08A954540054247B /* Build configuration list for PBXProject "__NON-CLI__" */ = {
			isa = XCConfigurationList;
			buildConfigurations = (
				C01FCF4F08A954540054247B /* Debug */,
				C01FCF5008A954540054247B /* Release */,
			);
			defaultConfigurationIsVisible = 0;
			defaultConfigurationName = Release;
		};
/* End XCConfigurationList section */
	};
	rootObject = 29B97313FDCFA39411CA2CEA /* Project object */;
}
